// !$*UTF8*$!
{
	archiveVersion = 1;
	classes = {
	};
	objectVersion = 46;
	objects = {

/* Begin PBXBuildFile section */
		79183E451DF8EF28007A93F0 /* MapKit.framework in Frameworks */ = {isa = PBXBuildFile; fileRef = 79183E441DF8EF28007A93F0 /* MapKit.framework */; };
		79E013A81DF66FAA00D00118 /* AppDelegate.swift in Sources */ = {isa = PBXBuildFile; fileRef = 79E013A71DF66FAA00D00118 /* AppDelegate.swift */; };
		79E013AA1DF66FAA00D00118 /* ViewController.swift in Sources */ = {isa = PBXBuildFile; fileRef = 79E013A91DF66FAA00D00118 /* ViewController.swift */; };
		79E013AD1DF66FAA00D00118 /* Main.storyboard in Resources */ = {isa = PBXBuildFile; fileRef = 79E013AB1DF66FAA00D00118 /* Main.storyboard */; };
		79E013AF1DF66FAA00D00118 /* Assets.xcassets in Resources */ = {isa = PBXBuildFile; fileRef = 79E013AE1DF66FAA00D00118 /* Assets.xcassets */; };
		79E013B21DF66FAA00D00118 /* LaunchScreen.storyboard in Resources */ = {isa = PBXBuildFile; fileRef = 79E013B01DF66FAA00D00118 /* LaunchScreen.storyboard */; };
		79E013BD1DF66FAA00D00118 /* FindMyPartyTests.swift in Sources */ = {isa = PBXBuildFile; fileRef = 79E013BC1DF66FAA00D00118 /* FindMyPartyTests.swift */; };
/* End PBXBuildFile section */

/* Begin PBXContainerItemProxy section */
		79E013B91DF66FAA00D00118 /* PBXContainerItemProxy */ = {
			isa = PBXContainerItemProxy;
			containerPortal = 79E0139C1DF66FA900D00118 /* Project object */;
			proxyType = 1;
			remoteGlobalIDString = 79E013A31DF66FA900D00118;
			remoteInfo = FindMyParty;
		};
/* End PBXContainerItemProxy section */

/* Begin PBXFileReference section */
		79183E441DF8EF28007A93F0 /* MapKit.framework */ = {isa = PBXFileReference; lastKnownFileType = wrapper.framework; name = MapKit.framework; path = System/Library/Frameworks/MapKit.framework; sourceTree = SDKROOT; };
		79E013A41DF66FAA00D00118 /* FindMyParty.app */ = {isa = PBXFileReference; explicitFileType = wrapper.application; includeInIndex = 0; path = FindMyParty.app; sourceTree = BUILT_PRODUCTS_DIR; };
		79E013A71DF66FAA00D00118 /* AppDelegate.swift */ = {isa = PBXFileReference; lastKnownFileType = sourcecode.swift; path = AppDelegate.swift; sourceTree = "<group>"; };
		79E013A91DF66FAA00D00118 /* ViewController.swift */ = {isa = PBXFileReference; lastKnownFileType = sourcecode.swift; path = ViewController.swift; sourceTree = "<group>"; };
		79E013AC1DF66FAA00D00118 /* Base */ = {isa = PBXFileReference; lastKnownFileType = file.storyboard; name = Base; path = Base.lproj/Main.storyboard; sourceTree = "<group>"; };
		79E013AE1DF66FAA00D00118 /* Assets.xcassets */ = {isa = PBXFileReference; lastKnownFileType = folder.assetcatalog; path = Assets.xcassets; sourceTree = "<group>"; };
		79E013B11DF66FAA00D00118 /* Base */ = {isa = PBXFileReference; lastKnownFileType = file.storyboard; name = Base; path = Base.lproj/LaunchScreen.storyboard; sourceTree = "<group>"; };
		79E013B31DF66FAA00D00118 /* Info.plist */ = {isa = PBXFileReference; lastKnownFileType = text.plist.xml; path = Info.plist; sourceTree = "<group>"; };
		79E013B81DF66FAA00D00118 /* FindMyPartyTests.xctest */ = {isa = PBXFileReference; explicitFileType = wrapper.cfbundle; includeInIndex = 0; path = FindMyPartyTests.xctest; sourceTree = BUILT_PRODUCTS_DIR; };
		79E013BC1DF66FAA00D00118 /* FindMyPartyTests.swift */ = {isa = PBXFileReference; lastKnownFileType = sourcecode.swift; path = FindMyPartyTests.swift; sourceTree = "<group>"; };
		79E013BE1DF66FAB00D00118 /* Info.plist */ = {isa = PBXFileReference; lastKnownFileType = text.plist.xml; path = Info.plist; sourceTree = "<group>"; };
/* End PBXFileReference section */

/* Begin PBXFrameworksBuildPhase section */
		79E013A11DF66FA900D00118 /* Frameworks */ = {
			isa = PBXFrameworksBuildPhase;
			buildActionMask = 2147483647;
			files = (
				79183E451DF8EF28007A93F0 /* MapKit.framework in Frameworks */,
			);
			runOnlyForDeploymentPostprocessing = 0;
		};
		79E013B51DF66FAA00D00118 /* Frameworks */ = {
			isa = PBXFrameworksBuildPhase;
			buildActionMask = 2147483647;
			files = (
			);
			runOnlyForDeploymentPostprocessing = 0;
		};
/* End PBXFrameworksBuildPhase section */

/* Begin PBXGroup section */
		79183E431DF8EF28007A93F0 /* Frameworks */ = {
			isa = PBXGroup;
			children = (
				79183E441DF8EF28007A93F0 /* MapKit.framework */,
			);
			name = Frameworks;
			sourceTree = "<group>";
		};
		79E0139B1DF66FA900D00118 = {
			isa = PBXGroup;
			children = (
				79E013A61DF66FAA00D00118 /* FindMyParty */,
				79E013BB1DF66FAA00D00118 /* FindMyPartyTests */,
				79E013A51DF66FAA00D00118 /* Products */,
				79183E431DF8EF28007A93F0 /* Frameworks */,
			);
			sourceTree = "<group>";
		};
		79E013A51DF66FAA00D00118 /* Products */ = {
			isa = PBXGroup;
			children = (
				79E013A41DF66FAA00D00118 /* FindMyParty.app */,
				79E013B81DF66FAA00D00118 /* FindMyPartyTests.xctest */,
			);
			name = Products;
			sourceTree = "<group>";
		};
		79E013A61DF66FAA00D00118 /* FindMyParty */ = {
			isa = PBXGroup;
			children = (
				79E013A71DF66FAA00D00118 /* AppDelegate.swift */,
				79E013A91DF66FAA00D00118 /* ViewController.swift */,
				79E013AB1DF66FAA00D00118 /* Main.storyboard */,
				79E013AE1DF66FAA00D00118 /* Assets.xcassets */,
				79E013B01DF66FAA00D00118 /* LaunchScreen.storyboard */,
				79E013B31DF66FAA00D00118 /* Info.plist */,
			);
			path = FindMyParty;
			sourceTree = "<group>";
		};
		79E013BB1DF66FAA00D00118 /* FindMyPartyTests */ = {
			isa = PBXGroup;
			children = (
				79E013BC1DF66FAA00D00118 /* FindMyPartyTests.swift */,
				79E013BE1DF66FAB00D00118 /* Info.plist */,
			);
			path = FindMyPartyTests;
			sourceTree = "<group>";
		};
/* End PBXGroup section */

/* Begin PBXNativeTarget section */
		79E013A31DF66FA900D00118 /* FindMyParty */ = {
			isa = PBXNativeTarget;
			buildConfigurationList = 79E013C11DF66FAB00D00118 /* Build configuration list for PBXNativeTarget "FindMyParty" */;
			buildPhases = (
				79E013A01DF66FA900D00118 /* Sources */,
				79E013A11DF66FA900D00118 /* Frameworks */,
				79E013A21DF66FA900D00118 /* Resources */,
			);
			buildRules = (
			);
			dependencies = (
			);
			name = FindMyParty;
			productName = FindMyParty;
			productReference = 79E013A41DF66FAA00D00118 /* FindMyParty.app */;
			productType = "com.apple.product-type.application";
		};
		79E013B71DF66FAA00D00118 /* FindMyPartyTests */ = {
			isa = PBXNativeTarget;
			buildConfigurationList = 79E013C41DF66FAB00D00118 /* Build configuration list for PBXNativeTarget "FindMyPartyTests" */;
			buildPhases = (
				79E013B41DF66FAA00D00118 /* Sources */,
				79E013B51DF66FAA00D00118 /* Frameworks */,
				79E013B61DF66FAA00D00118 /* Resources */,
			);
			buildRules = (
			);
			dependencies = (
				79E013BA1DF66FAA00D00118 /* PBXTargetDependency */,
			);
			name = FindMyPartyTests;
			productName = FindMyPartyTests;
			productReference = 79E013B81DF66FAA00D00118 /* FindMyPartyTests.xctest */;
			productType = "com.apple.product-type.bundle.unit-test";
		};
/* End PBXNativeTarget section */

/* Begin PBXProject section */
		79E0139C1DF66FA900D00118 /* Project object */ = {
			isa = PBXProject;
			attributes = {
				LastSwiftUpdateCheck = 0810;
				LastUpgradeCheck = 0810;
				ORGANIZATIONNAME = "Dog With 1 Eye";
				TargetAttributes = {
					79E013A31DF66FA900D00118 = {
						CreatedOnToolsVersion = 8.1;
						DevelopmentTeam = NJVF5QDCZ5;
						ProvisioningStyle = Automatic;
						SystemCapabilities = {
							com.apple.Maps.iOS = {
								enabled = 1;
							};
						};
					};
					79E013B71DF66FAA00D00118 = {
						CreatedOnToolsVersion = 8.1;
						DevelopmentTeam = NJVF5QDCZ5;
						ProvisioningStyle = Automatic;
						TestTargetID = 79E013A31DF66FA900D00118;
					};
				};
			};
			buildConfigurationList = 79E0139F1DF66FA900D00118 /* Build configuration list for PBXProject "FindMyParty" */;
			compatibilityVersion = "Xcode 3.2";
			developmentRegion = English;
			hasScannedForEncodings = 0;
			knownRegions = (
				en,
				Base,
			);
			mainGroup = 79E0139B1DF66FA900D00118;
			productRefGroup = 79E013A51DF66FAA00D00118 /* Products */;
			projectDirPath = "";
			projectRoot = "";
			targets = (
				79E013A31DF66FA900D00118 /* FindMyParty */,
				79E013B71DF66FAA00D00118 /* FindMyPartyTests */,
			);
		};
/* End PBXProject section */

/* Begin PBXResourcesBuildPhase section */
		79E013A21DF66FA900D00118 /* Resources */ = {
			isa = PBXResourcesBuildPhase;
			buildActionMask = 2147483647;
			files = (
				79E013B21DF66FAA00D00118 /* LaunchScreen.storyboard in Resources */,
				79E013AF1DF66FAA00D00118 /* Assets.xcassets in Resources */,
				79E013AD1DF66FAA00D00118 /* Main.storyboard in Resources */,
			);
			runOnlyForDeploymentPostprocessing = 0;
		};
		79E013B61DF66FAA00D00118 /* Resources */ = {
			isa = PBXResourcesBuildPhase;
			buildActionMask = 2147483647;
			files = (
			);
			runOnlyForDeploymentPostprocessing = 0;
		};
/* End PBXResourcesBuildPhase section */

/* Begin PBXSourcesBuildPhase section */
		79E013A01DF66FA900D00118 /* Sources */ = {
			isa = PBXSourcesBuildPhase;
			buildActionMask = 2147483647;
			files = (
				79E013AA1DF66FAA00D00118 /* ViewController.swift in Sources */,
				79E013A81DF66FAA00D00118 /* AppDelegate.swift in Sources */,
			);
			runOnlyForDeploymentPostprocessing = 0;
		};
		79E013B41DF66FAA00D00118 /* Sources */ = {
			isa = PBXSourcesBuildPhase;
			buildActionMask = 2147483647;
			files = (
				79E013BD1DF66FAA00D00118 /* FindMyPartyTests.swift in Sources */,
			);
			runOnlyForDeploymentPostprocessing = 0;
		};
/* End PBXSourcesBuildPhase section */

/* Begin PBXTargetDependency section */
		79E013BA1DF66FAA00D00118 /* PBXTargetDependency */ = {
			isa = PBXTargetDependency;
			target = 79E013A31DF66FA900D00118 /* FindMyParty */;
			targetProxy = 79E013B91DF66FAA00D00118 /* PBXContainerItemProxy */;
		};
/* End PBXTargetDependency section */

/* Begin PBXVariantGroup section */
		79E013AB1DF66FAA00D00118 /* Main.storyboard */ = {
			isa = PBXVariantGroup;
			children = (
				79E013AC1DF66FAA00D00118 /* Base */,
			);
			name = Main.storyboard;
			sourceTree = "<group>";
		};
		79E013B01DF66FAA00D00118 /* LaunchScreen.storyboard */ = {
			isa = PBXVariantGroup;
			children = (
				79E013B11DF66FAA00D00118 /* Base */,
			);
			name = LaunchScreen.storyboard;
			sourceTree = "<group>";
		};
/* End PBXVariantGroup section */

/* Begin XCBuildConfiguration section */
		79E013BF1DF66FAB00D00118 /* Debug */ = {
			isa = XCBuildConfiguration;
			buildSettings = {
				ALWAYS_SEARCH_USER_PATHS = NO;
				CLANG_ANALYZER_NONNULL = YES;
				CLANG_CXX_LANGUAGE_STANDARD = "gnu++0x";
				CLANG_CXX_LIBRARY = "libc++";
				CLANG_ENABLE_MODULES = YES;
				CLANG_ENABLE_OBJC_ARC = YES;
				CLANG_WARN_BOOL_CONVERSION = YES;
				CLANG_WARN_CONSTANT_CONVERSION = YES;
				CLANG_WARN_DIRECT_OBJC_ISA_USAGE = YES_ERROR;
				CLANG_WARN_DOCUMENTATION_COMMENTS = YES;
				CLANG_WARN_EMPTY_BODY = YES;
				CLANG_WARN_ENUM_CONVERSION = YES;
				CLANG_WARN_INFINITE_RECURSION = YES;
				CLANG_WARN_INT_CONVERSION = YES;
				CLANG_WARN_OBJC_ROOT_CLASS = YES_ERROR;
				CLANG_WARN_SUSPICIOUS_MOVES = YES;
				CLANG_WARN_UNREACHABLE_CODE = YES;
				CLANG_WARN__DUPLICATE_METHOD_MATCH = YES;
				"CODE_SIGN_IDENTITY[sdk=iphoneos*]" = "iPhone Developer";
				COPY_PHASE_STRIP = NO;
				DEBUG_INFORMATION_FORMAT = dwarf;
				ENABLE_STRICT_OBJC_MSGSEND = YES;
				ENABLE_TESTABILITY = YES;
				GCC_C_LANGUAGE_STANDARD = gnu99;
				GCC_DYNAMIC_NO_PIC = NO;
				GCC_NO_COMMON_BLOCKS = YES;
				GCC_OPTIMIZATION_LEVEL = 0;
				GCC_PREPROCESSOR_DEFINITIONS = (
					"DEBUG=1",
					"$(inherited)",
				);
				GCC_WARN_64_TO_32_BIT_CONVERSION = YES;
				GCC_WARN_ABOUT_RETURN_TYPE = YES_ERROR;
				GCC_WARN_UNDECLARED_SELECTOR = YES;
				GCC_WARN_UNINITIALIZED_AUTOS = YES_AGGRESSIVE;
				GCC_WARN_UNUSED_FUNCTION = YES;
				GCC_WARN_UNUSED_VARIABLE = YES;
				IPHONEOS_DEPLOYMENT_TARGET = 10.1;
				MTL_ENABLE_DEBUG_INFO = YES;
				ONLY_ACTIVE_ARCH = YES;
				SDKROOT = iphoneos;
				SWIFT_ACTIVE_COMPILATION_CONDITIONS = DEBUG;
				SWIFT_OPTIMIZATION_LEVEL = "-Onone";
			};
			name = Debug;
		};
		79E013C01DF66FAB00D00118 /* Release */ = {
			isa = XCBuildConfiguration;
			buildSettings = {
				ALWAYS_SEARCH_USER_PATHS = NO;
				CLANG_ANALYZER_NONNULL = YES;
				CLANG_CXX_LANGUAGE_STANDARD = "gnu++0x";
				CLANG_CXX_LIBRARY = "libc++";
				CLANG_ENABLE_MODULES = YES;
				CLANG_ENABLE_OBJC_ARC = YES;
				CLANG_WARN_BOOL_CONVERSION = YES;
				CLANG_WARN_CONSTANT_CONVERSION = YES;
				CLANG_WARN_DIRECT_OBJC_ISA_USAGE = YES_ERROR;
				CLANG_WARN_DOCUMENTATION_COMMENTS = YES;
				CLANG_WARN_EMPTY_BODY = YES;
				CLANG_WARN_ENUM_CONVERSION = YES;
				CLANG_WARN_INFINITE_RECURSION = YES;
				CLANG_WARN_INT_CONVERSION = YES;
				CLANG_WARN_OBJC_ROOT_CLASS = YES_ERROR;
				CLANG_WARN_SUSPICIOUS_MOVES = YES;
				CLANG_WARN_UNREACHABLE_CODE = YES;
				CLANG_WARN__DUPLICATE_METHOD_MATCH = YES;
				"CODE_SIGN_IDENTITY[sdk=iphoneos*]" = "iPhone Developer";
				COPY_PHASE_STRIP = NO;
				DEBUG_INFORMATION_FORMAT = "dwarf-with-dsym";
				ENABLE_NS_ASSERTIONS = NO;
				ENABLE_STRICT_OBJC_MSGSEND = YES;
				GCC_C_LANGUAGE_STANDARD = gnu99;
				GCC_NO_COMMON_BLOCKS = YES;
				GCC_WARN_64_TO_32_BIT_CONVERSION = YES;
				GCC_WARN_ABOUT_RETURN_TYPE = YES_ERROR;
				GCC_WARN_UNDECLARED_SELECTOR = YES;
				GCC_WARN_UNINITIALIZED_AUTOS = YES_AGGRESSIVE;
				GCC_WARN_UNUSED_FUNCTION = YES;
				GCC_WARN_UNUSED_VARIABLE = YES;
				IPHONEOS_DEPLOYMENT_TARGET = 10.1;
				MTL_ENABLE_DEBUG_INFO = NO;
				SDKROOT = iphoneos;
				SWIFT_OPTIMIZATION_LEVEL = "-Owholemodule";
				VALIDATE_PRODUCT = YES;
			};
			name = Release;
		};
		79E013C21DF66FAB00D00118 /* Debug */ = {
			isa = XCBuildConfiguration;
			buildSettings = {
				ASSETCATALOG_COMPILER_APPICON_NAME = AppIcon;
				DEVELOPMENT_TEAM = NJVF5QDCZ5;
				INFOPLIST_FILE = FindMyParty/Info.plist;
				LD_RUNPATH_SEARCH_PATHS = "$(inherited) @executable_path/Frameworks";
				PRODUCT_BUNDLE_IDENTIFIER = DogWith1Eye.FindMyParty;
				PRODUCT_NAME = "$(TARGET_NAME)";
				SWIFT_VERSION = 3.0;
			};
			name = Debug;
		};
		79E013C31DF66FAB00D00118 /* Release */ = {
			isa = XCBuildConfiguration;
			buildSettings = {
				ASSETCATALOG_COMPILER_APPICON_NAME = AppIcon;
				DEVELOPMENT_TEAM = NJVF5QDCZ5;
				INFOPLIST_FILE = FindMyParty/Info.plist;
				LD_RUNPATH_SEARCH_PATHS = "$(inherited) @executable_path/Frameworks";
				PRODUCT_BUNDLE_IDENTIFIER = DogWith1Eye.FindMyParty;
				PRODUCT_NAME = "$(TARGET_NAME)";
				SWIFT_VERSION = 3.0;
			};
			name = Release;
		};
		79E013C51DF66FAB00D00118 /* Debug */ = {
			isa = XCBuildConfiguration;
			buildSettings = {
				ALWAYS_EMBED_SWIFT_STANDARD_LIBRARIES = YES;
				BUNDLE_LOADER = "$(TEST_HOST)";
				DEVELOPMENT_TEAM = NJVF5QDCZ5;
				INFOPLIST_FILE = FindMyPartyTests/Info.plist;
				LD_RUNPATH_SEARCH_PATHS = "$(inherited) @executable_path/Frameworks @loader_path/Frameworks";
				PRODUCT_BUNDLE_IDENTIFIER = DogWith1Eye.FindMyPartyTests;
				PRODUCT_NAME = "$(TARGET_NAME)";
				SWIFT_VERSION = 3.0;
				TEST_HOST = "$(BUILT_PRODUCTS_DIR)/FindMyParty.app/FindMyParty";
			};
			name = Debug;
		};
		79E013C61DF66FAB00D00118 /* Release */ = {
			isa = XCBuildConfiguration;
			buildSettings = {
				ALWAYS_EMBED_SWIFT_STANDARD_LIBRARIES = YES;
				BUNDLE_LOADER = "$(TEST_HOST)";
				DEVELOPMENT_TEAM = NJVF5QDCZ5;
				INFOPLIST_FILE = FindMyPartyTests/Info.plist;
				LD_RUNPATH_SEARCH_PATHS = "$(inherited) @executable_path/Frameworks @loader_path/Frameworks";
				PRODUCT_BUNDLE_IDENTIFIER = DogWith1Eye.FindMyPartyTests;
				PRODUCT_NAME = "$(TARGET_NAME)";
				SWIFT_VERSION = 3.0;
				TEST_HOST = "$(BUILT_PRODUCTS_DIR)/FindMyParty.app/FindMyParty";
			};
			name = Release;
		};
/* End XCBuildConfiguration section */

/* Begin XCConfigurationList section */
		79E0139F1DF66FA900D00118 /* Build configuration list for PBXProject "FindMyParty" */ = {
			isa = XCConfigurationList;
			buildConfigurations = (
				79E013BF1DF66FAB00D00118 /* Debug */,
				79E013C01DF66FAB00D00118 /* Release */,
			);
			defaultConfigurationIsVisible = 0;
			defaultConfigurationName = Release;
		};
		79E013C11DF66FAB00D00118 /* Build configuration list for PBXNativeTarget "FindMyParty" */ = {
			isa = XCConfigurationList;
			buildConfigurations = (
				79E013C21DF66FAB00D00118 /* Debug */,
				79E013C31DF66FAB00D00118 /* Release */,
			);
			defaultConfigurationIsVisible = 0;
			defaultConfigurationName = Release;
		};
		79E013C41DF66FAB00D00118 /* Build configuration list for PBXNativeTarget "FindMyPartyTests" */ = {
			isa = XCConfigurationList;
			buildConfigurations = (
				79E013C51DF66FAB00D00118 /* Debug */,
				79E013C61DF66FAB00D00118 /* Release */,
			);
			defaultConfigurationIsVisible = 0;
			defaultConfigurationName = Release;
		};
/* End XCConfigurationList section */
	};
	rootObject = 79E0139C1DF66FA900D00118 /* Project object */;
}
